
Microsoft Visual Studio Solution File, Format Version 12.00
# Visual Studio Version 17
VisualStudioVersion = 17.8.34330.188
MinimumVisualStudioVersion = 10.0.40219.1
Project("{9A19103F-16F7-4668-BE54-9A1E7A4F7556}") = "Flowingly.API", "Flowingly.API\Flowingly.API.csproj", "{8A6214E6-B347-4021-B8AD-02BEC27D0BD6}"
EndProject
Project("{2150E333-8FDC-42A3-9474-1A3956D46DE8}") = "tests", "tests", "{7E35AFB9-AC0E-4C2D-AD0F-421A10F005A7}"
EndProject
Project("{2150E333-8FDC-42A3-9474-1A3956D46DE8}") = "Data", "Data", "{027EF95B-AA8F-4E6C-B45D-585BE8AAF66E}"
EndProject
Project("{2150E333-8FDC-42A3-9474-1A3956D46DE8}") = "Domain", "Domain", "{3F51CC8B-0558-497A-B032-94E70B322564}"
EndProject
Project("{2150E333-8FDC-42A3-9474-1A3956D46DE8}") = "Services", "Services", "{7CB28E81-7B9E-4A33-BE1C-4A81DDB72039}"
EndProject
Project("{9A19103F-16F7-4668-BE54-9A1E7A4F7556}") = "Flowingly.DataAccess", "Data\Flowingly.DataAccess\Flowingly.DataAccess.csproj", "{535533FF-D908-4B1D-B2B1-A797F84E3964}"
EndProject
Project("{9A19103F-16F7-4668-BE54-9A1E7A4F7556}") = "Flowingly.Domain", "Domain\Flowingly.Domain\Flowingly.Domain.csproj", "{5E432444-0B47-427E-A2B2-4FC40B0CAF51}"
EndProject
Project("{9A19103F-16F7-4668-BE54-9A1E7A4F7556}") = "Flowingly.Services", "Services\Flowingly.Services\Flowingly.Services.csproj", "{1595AA8F-999C-453A-B804-1DAF9932BDAF}"
EndProject
Project("{9A19103F-16F7-4668-BE54-9A1E7A4F7556}") = "Flowingly.Tests", "Tests\Flowingly.Tests\Flowingly.Tests.csproj", "{6D7E4BA7-CDEA-45E1-BC57-0205A228EC78}"
EndProject
Project("{9A19103F-16F7-4668-BE54-9A1E7A4F7556}") = "Flowingly.Contracts", "Services\Flowingly.Contracts\Flowingly.Contracts.csproj", "{EE25E211-0C42-4D94-BD42-3B47FD35C856}"
EndProject
Global
	GlobalSection(SolutionConfigurationPlatforms) = preSolution
		Debug|Any CPU = Debug|Any CPU
		Release|Any CPU = Release|Any CPU
	EndGlobalSection
	GlobalSection(ProjectConfigurationPlatforms) = postSolution
		{8A6214E6-B347-4021-B8AD-02BEC27D0BD6}.Debug|Any CPU.ActiveCfg = Debug|Any CPU
		{8A6214E6-B347-4021-B8AD-02BEC27D0BD6}.Debug|Any CPU.Build.0 = Debug|Any CPU
		{8A6214E6-B347-4021-B8AD-02BEC27D0BD6}.Release|Any CPU.ActiveCfg = Release|Any CPU
		{8A6214E6-B347-4021-B8AD-02BEC27D0BD6}.Release|Any CPU.Build.0 = Release|Any CPU
		{535533FF-D908-4B1D-B2B1-A797F84E3964}.Debug|Any CPU.ActiveCfg = Debug|Any CPU
		{535533FF-D908-4B1D-B2B1-A797F84E3964}.Debug|Any CPU.Build.0 = Debug|Any CPU
		{535533FF-D908-4B1D-B2B1-A797F84E3964}.Release|Any CPU.ActiveCfg = Release|Any CPU
		{535533FF-D908-4B1D-B2B1-A797F84E3964}.Release|Any CPU.Build.0 = Release|Any CPU
		{5E432444-0B47-427E-A2B2-4FC40B0CAF51}.Debug|Any CPU.ActiveCfg = Debug|Any CPU
		{5E432444-0B47-427E-A2B2-4FC40B0CAF51}.Debug|Any CPU.Build.0 = Debug|Any CPU
		{5E432444-0B47-427E-A2B2-4FC40B0CAF51}.Release|Any CPU.ActiveCfg = Release|Any CPU
		{5E432444-0B47-427E-A2B2-4FC40B0CAF51}.Release|Any CPU.Build.0 = Release|Any CPU
		{1595AA8F-999C-453A-B804-1DAF9932BDAF}.Debug|Any CPU.ActiveCfg = Debug|Any CPU
		{1595AA8F-999C-453A-B804-1DAF9932BDAF}.Debug|Any CPU.Build.0 = Debug|Any CPU
		{1595AA8F-999C-453A-B804-1DAF9932BDAF}.Release|Any CPU.ActiveCfg = Release|Any CPU
		{1595AA8F-999C-453A-B804-1DAF9932BDAF}.Release|Any CPU.Build.0 = Release|Any CPU
		{6D7E4BA7-CDEA-45E1-BC57-0205A228EC78}.Debug|Any CPU.ActiveCfg = Debug|Any CPU
		{6D7E4BA7-CDEA-45E1-BC57-0205A228EC78}.Debug|Any CPU.Build.0 = Debug|Any CPU
		{6D7E4BA7-CDEA-45E1-BC57-0205A228EC78}.Release|Any CPU.ActiveCfg = Release|Any CPU
		{6D7E4BA7-CDEA-45E1-BC57-0205A228EC78}.Release|Any CPU.Build.0 = Release|Any CPU
		{EE25E211-0C42-4D94-BD42-3B47FD35C856}.Debug|Any CPU.ActiveCfg = Debug|Any CPU
		{EE25E211-0C42-4D94-BD42-3B47FD35C856}.Debug|Any CPU.Build.0 = Debug|Any CPU
		{EE25E211-0C42-4D94-BD42-3B47FD35C856}.Release|Any CPU.ActiveCfg = Release|Any CPU
		{EE25E211-0C42-4D94-BD42-3B47FD35C856}.Release|Any CPU.Build.0 = Release|Any CPU
	EndGlobalSection
	GlobalSection(SolutionProperties) = preSolution
		HideSolutionNode = FALSE
	EndGlobalSection
	GlobalSection(NestedProjects) = preSolution
		{535533FF-D908-4B1D-B2B1-A797F84E3964} = {027EF95B-AA8F-4E6C-B45D-585BE8AAF66E}
		{5E432444-0B47-427E-A2B2-4FC40B0CAF51} = {3F51CC8B-0558-497A-B032-94E70B322564}
		{1595AA8F-999C-453A-B804-1DAF9932BDAF} = {7CB28E81-7B9E-4A33-BE1C-4A81DDB72039}
		{6D7E4BA7-CDEA-45E1-BC57-0205A228EC78} = {7E35AFB9-AC0E-4C2D-AD0F-421A10F005A7}
		{EE25E211-0C42-4D94-BD42-3B47FD35C856} = {7CB28E81-7B9E-4A33-BE1C-4A81DDB72039}
	EndGlobalSection
	GlobalSection(ExtensibilityGlobals) = postSolution
		SolutionGuid = {5216D356-AF3D-46B0-AE59-703630ACD5C2}
	EndGlobalSection
EndGlobal
